
Microsoft Visual Studio Solution File, Format Version 12.00
# Visual Studio Version 17
VisualStudioVersion = 17.11.35327.3
MinimumVisualStudioVersion = 10.0.40219.1
Project("{FAE04EC0-301F-11D3-BF4B-00C04F79EFBC}") = "LucidMarket", "LucidMarket\LucidMarket.csproj", "{8B06EBB8-8559-4C33-B8D1-B046B5011B14}"
EndProject
Project("{FAE04EC0-301F-11D3-BF4B-00C04F79EFBC}") = "LucidMarket.Tests", "LucidMarket.Tests\LucidMarket.Tests.csproj", "{FA4405DF-A3F2-49A7-9DE9-B6F770B72447}"
EndProject
Global
	GlobalSection(SolutionConfigurationPlatforms) = preSolution
		Debug|Any CPU = Debug|Any CPU
		Release|Any CPU = Release|Any CPU
	EndGlobalSection
	GlobalSection(ProjectConfigurationPlatforms) = postSolution
		{8B06EBB8-8559-4C33-B8D1-B046B5011B14}.Debug|Any CPU.ActiveCfg = Debug|Any CPU
		{8B06EBB8-8559-4C33-B8D1-B046B5011B14}.Debug|Any CPU.Build.0 = Debug|Any CPU
		{8B06EBB8-8559-4C33-B8D1-B046B5011B14}.Release|Any CPU.ActiveCfg = Release|Any CPU
		{8B06EBB8-8559-4C33-B8D1-B046B5011B14}.Release|Any CPU.Build.0 = Release|Any CPU
		{FA4405DF-A3F2-49A7-9DE9-B6F770B72447}.Debug|Any CPU.ActiveCfg = Debug|Any CPU
		{FA4405DF-A3F2-49A7-9DE9-B6F770B72447}.Debug|Any CPU.Build.0 = Debug|Any CPU
		{FA4405DF-A3F2-49A7-9DE9-B6F770B72447}.Release|Any CPU.ActiveCfg = Release|Any CPU
		{FA4405DF-A3F2-49A7-9DE9-B6F770B72447}.Release|Any CPU.Build.0 = Release|Any CPU
	EndGlobalSection
	GlobalSection(SolutionProperties) = preSolution
		HideSolutionNode = FALSE
	EndGlobalSection
	GlobalSection(ExtensibilityGlobals) = postSolution
		SolutionGuid = {1795F4B4-2117-4175-835B-7D444E6FB339}
	EndGlobalSection
EndGlobal
